
Microsoft Visual Studio Solution File, Format Version 12.00
# Visual Studio 14
VisualStudioVersion = 14.0.23107.0
MinimumVisualStudioVersion = 10.0.40219.1
Project("{FAE04EC0-301F-11D3-BF4B-00C04F79EFBC}") = "SampleChatMobileServicesDemo", "SampleChatMobileServicesDemo\SampleChatMobileServicesDemo.csproj", "{40C1B122-7120-43A5-88CE-FD6AC3D09FDF}"
EndProject
Global
	GlobalSection(SolutionConfigurationPlatforms) = preSolution
		Debug|ARM = Debug|ARM
		Debug|x64 = Debug|x64
		Debug|x86 = Debug|x86
		Release|ARM = Release|ARM
		Release|x64 = Release|x64
		Release|x86 = Release|x86
	EndGlobalSection
	GlobalSection(ProjectConfigurationPlatforms) = postSolution
		{40C1B122-7120-43A5-88CE-FD6AC3D09FDF}.Debug|ARM.ActiveCfg = Debug|ARM
		{40C1B122-7120-43A5-88CE-FD6AC3D09FDF}.Debug|ARM.Build.0 = Debug|ARM
		{40C1B122-7120-43A5-88CE-FD6AC3D09FDF}.Debug|ARM.Deploy.0 = Debug|ARM
		{40C1B122-7120-43A5-88CE-FD6AC3D09FDF}.Debug|x64.ActiveCfg = Debug|x64
		{40C1B122-7120-43A5-88CE-FD6AC3D09FDF}.Debug|x64.Build.0 = Debug|x64
		{40C1B122-7120-43A5-88CE-FD6AC3D09FDF}.Debug|x64.Deploy.0 = Debug|x64
		{40C1B122-7120-43A5-88CE-FD6AC3D09FDF}.Debug|x86.ActiveCfg = Debug|x86
		{40C1B122-7120-43A5-88CE-FD6AC3D09FDF}.Debug|x86.Build.0 = Debug|x86
		{40C1B122-7120-43A5-88CE-FD6AC3D09FDF}.Debug|x86.Deploy.0 = Debug|x86
		{40C1B122-7120-43A5-88CE-FD6AC3D09FDF}.Release|ARM.ActiveCfg = Release|ARM
		{40C1B122-7120-43A5-88CE-FD6AC3D09FDF}.Release|ARM.Build.0 = Release|ARM
		{40C1B122-7120-43A5-88CE-FD6AC3D09FDF}.Release|ARM.Deploy.0 = Release|ARM
		{40C1B122-7120-43A5-88CE-FD6AC3D09FDF}.Release|x64.ActiveCfg = Release|x64
		{40C1B122-7120-43A5-88CE-FD6AC3D09FDF}.Release|x64.Build.0 = Release|x64
		{40C1B122-7120-43A5-88CE-FD6AC3D09FDF}.Release|x64.Deploy.0 = Release|x64
		{40C1B122-7120-43A5-88CE-FD6AC3D09FDF}.Release|x86.ActiveCfg = Release|x86
		{40C1B122-7120-43A5-88CE-FD6AC3D09FDF}.Release|x86.Build.0 = Release|x86
		{40C1B122-7120-43A5-88CE-FD6AC3D09FDF}.Release|x86.Deploy.0 = Release|x86
	EndGlobalSection
	GlobalSection(SolutionProperties) = preSolution
		HideSolutionNode = FALSE
	EndGlobalSection
EndGlobal
